// !$*UTF8*$!
{
	archiveVersion = 1;
	classes = {
	};
	objectVersion = 56;
	objects = {

/* Begin PBXBuildFile section */
		30090FED2B9DE5510021A437 /* RxSwift in Frameworks */ = {isa = PBXBuildFile; productRef = 30090FEC2B9DE5510021A437 /* RxSwift */; };
		30090FF52B9DE8640021A437 /* RxSwift in Frameworks */ = {isa = PBXBuildFile; productRef = 30090FF42B9DE8640021A437 /* RxSwift */; };
		306A66992B9F0BA400395D99 /* FMDatabase.m in Sources */ = {isa = PBXBuildFile; fileRef = 306A668F2B9F0BA400395D99 /* FMDatabase.m */; };
		306A669A2B9F0BA400395D99 /* FMDatabaseAdditions.m in Sources */ = {isa = PBXBuildFile; fileRef = 306A66922B9F0BA400395D99 /* FMDatabaseAdditions.m */; };
		306A669B2B9F0BA400395D99 /* FMResultSet.m in Sources */ = {isa = PBXBuildFile; fileRef = 306A66942B9F0BA400395D99 /* FMResultSet.m */; };
		306A669C2B9F0BA400395D99 /* FMDatabasePool.m in Sources */ = {isa = PBXBuildFile; fileRef = 306A66972B9F0BA400395D99 /* FMDatabasePool.m */; };
		306A669D2B9F0BA400395D99 /* FMDatabaseQueue.m in Sources */ = {isa = PBXBuildFile; fileRef = 306A66982B9F0BA400395D99 /* FMDatabaseQueue.m */; };
		306A669F2B9F0C2100395D99 /* contacts.sqlite in Resources */ = {isa = PBXBuildFile; fileRef = 306A669E2B9F0C2100395D99 /* contacts.sqlite */; };
		30A100262B90D41500F0EC51 /* AppDelegate.swift in Sources */ = {isa = PBXBuildFile; fileRef = 30A100252B90D41500F0EC51 /* AppDelegate.swift */; };
		30A100282B90D41500F0EC51 /* SceneDelegate.swift in Sources */ = {isa = PBXBuildFile; fileRef = 30A100272B90D41500F0EC51 /* SceneDelegate.swift */; };
		30A1002A2B90D41500F0EC51 /* MainPage.swift in Sources */ = {isa = PBXBuildFile; fileRef = 30A100292B90D41500F0EC51 /* MainPage.swift */; };
		30A1002D2B90D41500F0EC51 /* Main.storyboard in Resources */ = {isa = PBXBuildFile; fileRef = 30A1002B2B90D41500F0EC51 /* Main.storyboard */; };
		30A1002F2B90D41600F0EC51 /* Assets.xcassets in Resources */ = {isa = PBXBuildFile; fileRef = 30A1002E2B90D41600F0EC51 /* Assets.xcassets */; };
		30A100322B90D41600F0EC51 /* LaunchScreen.storyboard in Resources */ = {isa = PBXBuildFile; fileRef = 30A100302B90D41600F0EC51 /* LaunchScreen.storyboard */; };
		30A1003E2B90D53B00F0EC51 /* PersonRegistration.swift in Sources */ = {isa = PBXBuildFile; fileRef = 30A1003D2B90D53B00F0EC51 /* PersonRegistration.swift */; };
		30A100402B90D57200F0EC51 /* PersonDetails.swift in Sources */ = {isa = PBXBuildFile; fileRef = 30A1003F2B90D57200F0EC51 /* PersonDetails.swift */; };
		30A100422B90D85F00F0EC51 /* Persons.swift in Sources */ = {isa = PBXBuildFile; fileRef = 30A100412B90D85F00F0EC51 /* Persons.swift */; };
		30EED95A2B98AE4500BE92E7 /* TableViewCell.swift in Sources */ = {isa = PBXBuildFile; fileRef = 30EED9592B98AE4500BE92E7 /* TableViewCell.swift */; };
		30EED9882B9DDBDE00BE92E7 /* RxSwift in Frameworks */ = {isa = PBXBuildFile; productRef = 30EED9872B9DDBDE00BE92E7 /* RxSwift */; };
		30EED9912B9DDC2300BE92E7 /* PersonDaoRepository.swift in Sources */ = {isa = PBXBuildFile; fileRef = 30EED9902B9DDC2300BE92E7 /* PersonDaoRepository.swift */; };
		30EED9942B9DDC6C00BE92E7 /* MainPageViewModel.swift in Sources */ = {isa = PBXBuildFile; fileRef = 30EED9932B9DDC6B00BE92E7 /* MainPageViewModel.swift */; };
		30EED9962B9DDC9500BE92E7 /* PersonRegistrationViewModel.swift in Sources */ = {isa = PBXBuildFile; fileRef = 30EED9952B9DDC9500BE92E7 /* PersonRegistrationViewModel.swift */; };
		30EED9982B9DDD0B00BE92E7 /* PersonDetailsViewModel.swift in Sources */ = {isa = PBXBuildFile; fileRef = 30EED9972B9DDD0B00BE92E7 /* PersonDetailsViewModel.swift */; };
/* End PBXBuildFile section */

/* Begin PBXCopyFilesBuildPhase section */
		30FFD9AC2B9DEB5D00026072 /* Embed Frameworks */ = {
			isa = PBXCopyFilesBuildPhase;
			buildActionMask = 2147483647;
			dstPath = "";
			dstSubfolderSpec = 10;
			files = (
			);
			name = "Embed Frameworks";
			runOnlyForDeploymentPostprocessing = 0;
		};
/* End PBXCopyFilesBuildPhase section */

/* Begin PBXFileReference section */
		306A668C2B9F0ADC00395D99 /* libsqlite3.tbd */ = {isa = PBXFileReference; lastKnownFileType = "sourcecode.text-based-dylib-definition"; name = libsqlite3.tbd; path = usr/lib/libsqlite3.tbd; sourceTree = SDKROOT; };
		306A668D2B9F0BA300395D99 /* ContactsApp-Bridging-Header.h */ = {isa = PBXFileReference; lastKnownFileType = sourcecode.c.h; path = "ContactsApp-Bridging-Header.h"; sourceTree = "<group>"; };
		306A668E2B9F0BA400395D99 /* FMDB.h */ = {isa = PBXFileReference; fileEncoding = 4; lastKnownFileType = sourcecode.c.h; path = FMDB.h; sourceTree = "<group>"; };
		306A668F2B9F0BA400395D99 /* FMDatabase.m */ = {isa = PBXFileReference; fileEncoding = 4; lastKnownFileType = sourcecode.c.objc; path = FMDatabase.m; sourceTree = "<group>"; };
		306A66902B9F0BA400395D99 /* FMDatabaseAdditions.h */ = {isa = PBXFileReference; fileEncoding = 4; lastKnownFileType = sourcecode.c.h; path = FMDatabaseAdditions.h; sourceTree = "<group>"; };
		306A66912B9F0BA400395D99 /* FMDatabaseQueue.h */ = {isa = PBXFileReference; fileEncoding = 4; lastKnownFileType = sourcecode.c.h; path = FMDatabaseQueue.h; sourceTree = "<group>"; };
		306A66922B9F0BA400395D99 /* FMDatabaseAdditions.m */ = {isa = PBXFileReference; fileEncoding = 4; lastKnownFileType = sourcecode.c.objc; path = FMDatabaseAdditions.m; sourceTree = "<group>"; };
		306A66932B9F0BA400395D99 /* FMResultSet.h */ = {isa = PBXFileReference; fileEncoding = 4; lastKnownFileType = sourcecode.c.h; path = FMResultSet.h; sourceTree = "<group>"; };
		306A66942B9F0BA400395D99 /* FMResultSet.m */ = {isa = PBXFileReference; fileEncoding = 4; lastKnownFileType = sourcecode.c.objc; path = FMResultSet.m; sourceTree = "<group>"; };
		306A66952B9F0BA400395D99 /* FMDatabase.h */ = {isa = PBXFileReference; fileEncoding = 4; lastKnownFileType = sourcecode.c.h; path = FMDatabase.h; sourceTree = "<group>"; };
		306A66962B9F0BA400395D99 /* FMDatabasePool.h */ = {isa = PBXFileReference; fileEncoding = 4; lastKnownFileType = sourcecode.c.h; path = FMDatabasePool.h; sourceTree = "<group>"; };
		306A66972B9F0BA400395D99 /* FMDatabasePool.m */ = {isa = PBXFileReference; fileEncoding = 4; lastKnownFileType = sourcecode.c.objc; path = FMDatabasePool.m; sourceTree = "<group>"; };
		306A66982B9F0BA400395D99 /* FMDatabaseQueue.m */ = {isa = PBXFileReference; fileEncoding = 4; lastKnownFileType = sourcecode.c.objc; path = FMDatabaseQueue.m; sourceTree = "<group>"; };
		306A669E2B9F0C2100395D99 /* contacts.sqlite */ = {isa = PBXFileReference; lastKnownFileType = file; name = contacts.sqlite; path = sqlite/contacts.sqlite; sourceTree = SOURCE_ROOT; };
		30A100222B90D41500F0EC51 /* ContactsApp.app */ = {isa = PBXFileReference; explicitFileType = wrapper.application; includeInIndex = 0; path = ContactsApp.app; sourceTree = BUILT_PRODUCTS_DIR; };
		30A100252B90D41500F0EC51 /* AppDelegate.swift */ = {isa = PBXFileReference; lastKnownFileType = sourcecode.swift; path = AppDelegate.swift; sourceTree = "<group>"; };
		30A100272B90D41500F0EC51 /* SceneDelegate.swift */ = {isa = PBXFileReference; lastKnownFileType = sourcecode.swift; path = SceneDelegate.swift; sourceTree = "<group>"; };
		30A100292B90D41500F0EC51 /* MainPage.swift */ = {isa = PBXFileReference; lastKnownFileType = sourcecode.swift; path = MainPage.swift; sourceTree = "<group>"; };
		30A1002C2B90D41500F0EC51 /* Base */ = {isa = PBXFileReference; lastKnownFileType = file.storyboard; name = Base; path = Base.lproj/Main.storyboard; sourceTree = "<group>"; };
		30A1002E2B90D41600F0EC51 /* Assets.xcassets */ = {isa = PBXFileReference; lastKnownFileType = folder.assetcatalog; path = Assets.xcassets; sourceTree = "<group>"; };
		30A100312B90D41600F0EC51 /* Base */ = {isa = PBXFileReference; lastKnownFileType = file.storyboard; name = Base; path = Base.lproj/LaunchScreen.storyboard; sourceTree = "<group>"; };
		30A100332B90D41600F0EC51 /* Info.plist */ = {isa = PBXFileReference; lastKnownFileType = text.plist.xml; path = Info.plist; sourceTree = "<group>"; };
		30A1003D2B90D53B00F0EC51 /* PersonRegistration.swift */ = {isa = PBXFileReference; lastKnownFileType = sourcecode.swift; path = PersonRegistration.swift; sourceTree = "<group>"; };
		30A1003F2B90D57200F0EC51 /* PersonDetails.swift */ = {isa = PBXFileReference; lastKnownFileType = sourcecode.swift; path = PersonDetails.swift; sourceTree = "<group>"; };
		30A100412B90D85F00F0EC51 /* Persons.swift */ = {isa = PBXFileReference; lastKnownFileType = sourcecode.swift; path = Persons.swift; sourceTree = "<group>"; };
		30EED9592B98AE4500BE92E7 /* TableViewCell.swift */ = {isa = PBXFileReference; lastKnownFileType = sourcecode.swift; path = TableViewCell.swift; sourceTree = "<group>"; };
		30EED9902B9DDC2300BE92E7 /* PersonDaoRepository.swift */ = {isa = PBXFileReference; lastKnownFileType = sourcecode.swift; path = PersonDaoRepository.swift; sourceTree = "<group>"; };
		30EED9932B9DDC6B00BE92E7 /* MainPageViewModel.swift */ = {isa = PBXFileReference; lastKnownFileType = sourcecode.swift; path = MainPageViewModel.swift; sourceTree = "<group>"; };
		30EED9952B9DDC9500BE92E7 /* PersonRegistrationViewModel.swift */ = {isa = PBXFileReference; lastKnownFileType = sourcecode.swift; path = PersonRegistrationViewModel.swift; sourceTree = "<group>"; };
		30EED9972B9DDD0B00BE92E7 /* PersonDetailsViewModel.swift */ = {isa = PBXFileReference; lastKnownFileType = sourcecode.swift; path = PersonDetailsViewModel.swift; sourceTree = "<group>"; };
/* End PBXFileReference section */

/* Begin PBXFrameworksBuildPhase section */
		30A1001F2B90D41500F0EC51 /* Frameworks */ = {
			isa = PBXFrameworksBuildPhase;
			buildActionMask = 2147483647;
			files = (
				30090FF52B9DE8640021A437 /* RxSwift in Frameworks */,
				30090FED2B9DE5510021A437 /* RxSwift in Frameworks */,
				30EED9882B9DDBDE00BE92E7 /* RxSwift in Frameworks */,
			);
			runOnlyForDeploymentPostprocessing = 0;
		};
/* End PBXFrameworksBuildPhase section */

/* Begin PBXGroup section */
		306A668B2B9F0ADC00395D99 /* Frameworks */ = {
			isa = PBXGroup;
			children = (
				306A668C2B9F0ADC00395D99 /* libsqlite3.tbd */,
			);
			name = Frameworks;
			sourceTree = "<group>";
		};
		30A100192B90D41500F0EC51 = {
			isa = PBXGroup;
			children = (
				30A100242B90D41500F0EC51 /* ContactsApp */,
				30A100232B90D41500F0EC51 /* Products */,
				306A668B2B9F0ADC00395D99 /* Frameworks */,
			);
			sourceTree = "<group>";
		};
		30A100232B90D41500F0EC51 /* Products */ = {
			isa = PBXGroup;
			children = (
				30A100222B90D41500F0EC51 /* ContactsApp.app */,
			);
			name = Products;
			sourceTree = "<group>";
		};
		30A100242B90D41500F0EC51 /* ContactsApp */ = {
			isa = PBXGroup;
			children = (
				30A100252B90D41500F0EC51 /* AppDelegate.swift */,
				30A100272B90D41500F0EC51 /* SceneDelegate.swift */,
				30A1003A2B90D4B300F0EC51 /* ui */,
				30A100392B90D4A000F0EC51 /* data */,
				30A1002B2B90D41500F0EC51 /* Main.storyboard */,
				30A1002E2B90D41600F0EC51 /* Assets.xcassets */,
				30A100302B90D41600F0EC51 /* LaunchScreen.storyboard */,
				30A100332B90D41600F0EC51 /* Info.plist */,
				306A66952B9F0BA400395D99 /* FMDatabase.h */,
				306A668F2B9F0BA400395D99 /* FMDatabase.m */,
				306A66902B9F0BA400395D99 /* FMDatabaseAdditions.h */,
				306A66922B9F0BA400395D99 /* FMDatabaseAdditions.m */,
				306A66962B9F0BA400395D99 /* FMDatabasePool.h */,
				306A66972B9F0BA400395D99 /* FMDatabasePool.m */,
				306A66912B9F0BA400395D99 /* FMDatabaseQueue.h */,
				306A66982B9F0BA400395D99 /* FMDatabaseQueue.m */,
				306A668E2B9F0BA400395D99 /* FMDB.h */,
				306A66932B9F0BA400395D99 /* FMResultSet.h */,
				306A66942B9F0BA400395D99 /* FMResultSet.m */,
				306A668D2B9F0BA300395D99 /* ContactsApp-Bridging-Header.h */,
				306A669E2B9F0C2100395D99 /* contacts.sqlite */,
			);
			path = ContactsApp;
			sourceTree = "<group>";
		};
		30A100392B90D4A000F0EC51 /* data */ = {
			isa = PBXGroup;
			children = (
				30EED98F2B9DDC0500BE92E7 /* repo */,
				30A1003B2B90D4CB00F0EC51 /* entity */,
			);
			path = data;
			sourceTree = "<group>";
		};
		30A1003A2B90D4B300F0EC51 /* ui */ = {
			isa = PBXGroup;
			children = (
				30EED9922B9DDC4800BE92E7 /* viewModel */,
				30EED9582B98ADE200BE92E7 /* tableView */,
				30A1003C2B90D4DC00F0EC51 /* views */,
			);
			path = ui;
			sourceTree = "<group>";
		};
		30A1003B2B90D4CB00F0EC51 /* entity */ = {
			isa = PBXGroup;
			children = (
				30A100412B90D85F00F0EC51 /* Persons.swift */,
			);
			path = entity;
			sourceTree = "<group>";
		};
		30A1003C2B90D4DC00F0EC51 /* views */ = {
			isa = PBXGroup;
			children = (
				30A100292B90D41500F0EC51 /* MainPage.swift */,
				30A1003D2B90D53B00F0EC51 /* PersonRegistration.swift */,
				30A1003F2B90D57200F0EC51 /* PersonDetails.swift */,
			);
			path = views;
			sourceTree = "<group>";
		};
		30EED9582B98ADE200BE92E7 /* tableView */ = {
			isa = PBXGroup;
			children = (
				30EED9592B98AE4500BE92E7 /* TableViewCell.swift */,
			);
			path = tableView;
			sourceTree = "<group>";
		};
		30EED98F2B9DDC0500BE92E7 /* repo */ = {
			isa = PBXGroup;
			children = (
				30EED9902B9DDC2300BE92E7 /* PersonDaoRepository.swift */,
			);
			path = repo;
			sourceTree = "<group>";
		};
		30EED9922B9DDC4800BE92E7 /* viewModel */ = {
			isa = PBXGroup;
			children = (
				30EED9932B9DDC6B00BE92E7 /* MainPageViewModel.swift */,
				30EED9952B9DDC9500BE92E7 /* PersonRegistrationViewModel.swift */,
				30EED9972B9DDD0B00BE92E7 /* PersonDetailsViewModel.swift */,
			);
			path = viewModel;
			sourceTree = "<group>";
		};
/* End PBXGroup section */

/* Begin PBXNativeTarget section */
		30A100212B90D41500F0EC51 /* ContactsApp */ = {
			isa = PBXNativeTarget;
			buildConfigurationList = 30A100362B90D41600F0EC51 /* Build configuration list for PBXNativeTarget "ContactsApp" */;
			buildPhases = (
				30A1001E2B90D41500F0EC51 /* Sources */,
				30A1001F2B90D41500F0EC51 /* Frameworks */,
				30A100202B90D41500F0EC51 /* Resources */,
				30FFD9AC2B9DEB5D00026072 /* Embed Frameworks */,
			);
			buildRules = (
			);
			dependencies = (
			);
			name = ContactsApp;
			packageProductDependencies = (
				30EED9872B9DDBDE00BE92E7 /* RxSwift */,
				30090FEC2B9DE5510021A437 /* RxSwift */,
				30090FF42B9DE8640021A437 /* RxSwift */,
			);
			productName = ContactsApp;
			productReference = 30A100222B90D41500F0EC51 /* ContactsApp.app */;
			productType = "com.apple.product-type.application";
		};
/* End PBXNativeTarget section */

/* Begin PBXProject section */
		30A1001A2B90D41500F0EC51 /* Project object */ = {
			isa = PBXProject;
			attributes = {
				BuildIndependentTargetsInParallel = 1;
				LastSwiftUpdateCheck = 1500;
				LastUpgradeCheck = 1500;
				TargetAttributes = {
					30A100212B90D41500F0EC51 = {
						CreatedOnToolsVersion = 15.0;
						LastSwiftMigration = 1500;
					};
				};
			};
			buildConfigurationList = 30A1001D2B90D41500F0EC51 /* Build configuration list for PBXProject "ContactsApp" */;
			compatibilityVersion = "Xcode 14.0";
			developmentRegion = en;
			hasScannedForEncodings = 0;
			knownRegions = (
				en,
				Base,
			);
			mainGroup = 30A100192B90D41500F0EC51;
			packageReferences = (
				30EED97A2B9DDBDE00BE92E7 /* XCRemoteSwiftPackageReference "RxSwift" */,
			);
			productRefGroup = 30A100232B90D41500F0EC51 /* Products */;
			projectDirPath = "";
			projectRoot = "";
			targets = (
				30A100212B90D41500F0EC51 /* ContactsApp */,
			);
		};
/* End PBXProject section */

/* Begin PBXResourcesBuildPhase section */
		30A100202B90D41500F0EC51 /* Resources */ = {
			isa = PBXResourcesBuildPhase;
			buildActionMask = 2147483647;
			files = (
				30A100322B90D41600F0EC51 /* LaunchScreen.storyboard in Resources */,
				30A1002F2B90D41600F0EC51 /* Assets.xcassets in Resources */,
				306A669F2B9F0C2100395D99 /* contacts.sqlite in Resources */,
				30A1002D2B90D41500F0EC51 /* Main.storyboard in Resources */,
			);
			runOnlyForDeploymentPostprocessing = 0;
		};
/* End PBXResourcesBuildPhase section */

/* Begin PBXSourcesBuildPhase section */
		30A1001E2B90D41500F0EC51 /* Sources */ = {
			isa = PBXSourcesBuildPhase;
			buildActionMask = 2147483647;
			files = (
				30A100422B90D85F00F0EC51 /* Persons.swift in Sources */,
				30A1002A2B90D41500F0EC51 /* MainPage.swift in Sources */,
				306A669B2B9F0BA400395D99 /* FMResultSet.m in Sources */,
				30A1003E2B90D53B00F0EC51 /* PersonRegistration.swift in Sources */,
				306A66992B9F0BA400395D99 /* FMDatabase.m in Sources */,
				30EED9982B9DDD0B00BE92E7 /* PersonDetailsViewModel.swift in Sources */,
				30A100262B90D41500F0EC51 /* AppDelegate.swift in Sources */,
				306A669C2B9F0BA400395D99 /* FMDatabasePool.m in Sources */,
				30EED9962B9DDC9500BE92E7 /* PersonRegistrationViewModel.swift in Sources */,
				306A669D2B9F0BA400395D99 /* FMDatabaseQueue.m in Sources */,
				30A100402B90D57200F0EC51 /* PersonDetails.swift in Sources */,
				306A669A2B9F0BA400395D99 /* FMDatabaseAdditions.m in Sources */,
				30EED95A2B98AE4500BE92E7 /* TableViewCell.swift in Sources */,
				30EED9942B9DDC6C00BE92E7 /* MainPageViewModel.swift in Sources */,
				30A100282B90D41500F0EC51 /* SceneDelegate.swift in Sources */,
				30EED9912B9DDC2300BE92E7 /* PersonDaoRepository.swift in Sources */,
			);
			runOnlyForDeploymentPostprocessing = 0;
		};
/* End PBXSourcesBuildPhase section */

/* Begin PBXVariantGroup section */
		30A1002B2B90D41500F0EC51 /* Main.storyboard */ = {
			isa = PBXVariantGroup;
			children = (
				30A1002C2B90D41500F0EC51 /* Base */,
			);
			name = Main.storyboard;
			sourceTree = "<group>";
		};
		30A100302B90D41600F0EC51 /* LaunchScreen.storyboard */ = {
			isa = PBXVariantGroup;
			children = (
				30A100312B90D41600F0EC51 /* Base */,
			);
			name = LaunchScreen.storyboard;
			sourceTree = "<group>";
		};
/* End PBXVariantGroup section */

/* Begin XCBuildConfiguration section */
		30A100342B90D41600F0EC51 /* Debug */ = {
			isa = XCBuildConfiguration;
			buildSettings = {
				ALWAYS_SEARCH_USER_PATHS = NO;
				ASSETCATALOG_COMPILER_GENERATE_SWIFT_ASSET_SYMBOL_EXTENSIONS = YES;
				CLANG_ANALYZER_NONNULL = YES;
				CLANG_ANALYZER_NUMBER_OBJECT_CONVERSION = YES_AGGRESSIVE;
				CLANG_CXX_LANGUAGE_STANDARD = "gnu++20";
				CLANG_ENABLE_MODULES = YES;
				CLANG_ENABLE_OBJC_ARC = YES;
				CLANG_ENABLE_OBJC_WEAK = YES;
				CLANG_WARN_BLOCK_CAPTURE_AUTORELEASING = YES;
				CLANG_WARN_BOOL_CONVERSION = YES;
				CLANG_WARN_COMMA = YES;
				CLANG_WARN_CONSTANT_CONVERSION = YES;
				CLANG_WARN_DEPRECATED_OBJC_IMPLEMENTATIONS = YES;
				CLANG_WARN_DIRECT_OBJC_ISA_USAGE = YES_ERROR;
				CLANG_WARN_DOCUMENTATION_COMMENTS = YES;
				CLANG_WARN_EMPTY_BODY = YES;
				CLANG_WARN_ENUM_CONVERSION = YES;
				CLANG_WARN_INFINITE_RECURSION = YES;
				CLANG_WARN_INT_CONVERSION = YES;
				CLANG_WARN_NON_LITERAL_NULL_CONVERSION = YES;
				CLANG_WARN_OBJC_IMPLICIT_RETAIN_SELF = YES;
				CLANG_WARN_OBJC_LITERAL_CONVERSION = YES;
				CLANG_WARN_OBJC_ROOT_CLASS = YES_ERROR;
				CLANG_WARN_QUOTED_INCLUDE_IN_FRAMEWORK_HEADER = YES;
				CLANG_WARN_RANGE_LOOP_ANALYSIS = YES;
				CLANG_WARN_STRICT_PROTOTYPES = YES;
				CLANG_WARN_SUSPICIOUS_MOVE = YES;
				CLANG_WARN_UNGUARDED_AVAILABILITY = YES_AGGRESSIVE;
				CLANG_WARN_UNREACHABLE_CODE = YES;
				CLANG_WARN__DUPLICATE_METHOD_MATCH = YES;
				COPY_PHASE_STRIP = NO;
				DEBUG_INFORMATION_FORMAT = dwarf;
				ENABLE_STRICT_OBJC_MSGSEND = YES;
				ENABLE_TESTABILITY = YES;
				ENABLE_USER_SCRIPT_SANDBOXING = YES;
				GCC_C_LANGUAGE_STANDARD = gnu17;
				GCC_DYNAMIC_NO_PIC = NO;
				GCC_NO_COMMON_BLOCKS = YES;
				GCC_OPTIMIZATION_LEVEL = 0;
				GCC_PREPROCESSOR_DEFINITIONS = (
					"DEBUG=1",
					"$(inherited)",
				);
				GCC_WARN_64_TO_32_BIT_CONVERSION = YES;
				GCC_WARN_ABOUT_RETURN_TYPE = YES_ERROR;
				GCC_WARN_UNDECLARED_SELECTOR = YES;
				GCC_WARN_UNINITIALIZED_AUTOS = YES_AGGRESSIVE;
				GCC_WARN_UNUSED_FUNCTION = YES;
				GCC_WARN_UNUSED_VARIABLE = YES;
				IPHONEOS_DEPLOYMENT_TARGET = 17.0;
				LOCALIZATION_PREFERS_STRING_CATALOGS = YES;
				MTL_ENABLE_DEBUG_INFO = INCLUDE_SOURCE;
				MTL_FAST_MATH = YES;
				ONLY_ACTIVE_ARCH = YES;
				SDKROOT = iphoneos;
				SWIFT_ACTIVE_COMPILATION_CONDITIONS = "DEBUG $(inherited)";
				SWIFT_OPTIMIZATION_LEVEL = "-Onone";
			};
			name = Debug;
		};
		30A100352B90D41600F0EC51 /* Release */ = {
			isa = XCBuildConfiguration;
			buildSettings = {
				ALWAYS_SEARCH_USER_PATHS = NO;
				ASSETCATALOG_COMPILER_GENERATE_SWIFT_ASSET_SYMBOL_EXTENSIONS = YES;
				CLANG_ANALYZER_NONNULL = YES;
				CLANG_ANALYZER_NUMBER_OBJECT_CONVERSION = YES_AGGRESSIVE;
				CLANG_CXX_LANGUAGE_STANDARD = "gnu++20";
				CLANG_ENABLE_MODULES = YES;
				CLANG_ENABLE_OBJC_ARC = YES;
				CLANG_ENABLE_OBJC_WEAK = YES;
				CLANG_WARN_BLOCK_CAPTURE_AUTORELEASING = YES;
				CLANG_WARN_BOOL_CONVERSION = YES;
				CLANG_WARN_COMMA = YES;
				CLANG_WARN_CONSTANT_CONVERSION = YES;
				CLANG_WARN_DEPRECATED_OBJC_IMPLEMENTATIONS = YES;
				CLANG_WARN_DIRECT_OBJC_ISA_USAGE = YES_ERROR;
				CLANG_WARN_DOCUMENTATION_COMMENTS = YES;
				CLANG_WARN_EMPTY_BODY = YES;
				CLANG_WARN_ENUM_CONVERSION = YES;
				CLANG_WARN_INFINITE_RECURSION = YES;
				CLANG_WARN_INT_CONVERSION = YES;
				CLANG_WARN_NON_LITERAL_NULL_CONVERSION = YES;
				CLANG_WARN_OBJC_IMPLICIT_RETAIN_SELF = YES;
				CLANG_WARN_OBJC_LITERAL_CONVERSION = YES;
				CLANG_WARN_OBJC_ROOT_CLASS = YES_ERROR;
				CLANG_WARN_QUOTED_INCLUDE_IN_FRAMEWORK_HEADER = YES;
				CLANG_WARN_RANGE_LOOP_ANALYSIS = YES;
				CLANG_WARN_STRICT_PROTOTYPES = YES;
				CLANG_WARN_SUSPICIOUS_MOVE = YES;
				CLANG_WARN_UNGUARDED_AVAILABILITY = YES_AGGRESSIVE;
				CLANG_WARN_UNREACHABLE_CODE = YES;
				CLANG_WARN__DUPLICATE_METHOD_MATCH = YES;
				COPY_PHASE_STRIP = NO;
				DEBUG_INFORMATION_FORMAT = "dwarf-with-dsym";
				ENABLE_NS_ASSERTIONS = NO;
				ENABLE_STRICT_OBJC_MSGSEND = YES;
				ENABLE_USER_SCRIPT_SANDBOXING = YES;
				GCC_C_LANGUAGE_STANDARD = gnu17;
				GCC_NO_COMMON_BLOCKS = YES;
				GCC_WARN_64_TO_32_BIT_CONVERSION = YES;
				GCC_WARN_ABOUT_RETURN_TYPE = YES_ERROR;
				GCC_WARN_UNDECLARED_SELECTOR = YES;
				GCC_WARN_UNINITIALIZED_AUTOS = YES_AGGRESSIVE;
				GCC_WARN_UNUSED_FUNCTION = YES;
				GCC_WARN_UNUSED_VARIABLE = YES;
				IPHONEOS_DEPLOYMENT_TARGET = 17.0;
				LOCALIZATION_PREFERS_STRING_CATALOGS = YES;
				MTL_ENABLE_DEBUG_INFO = NO;
				MTL_FAST_MATH = YES;
				SDKROOT = iphoneos;
				SWIFT_COMPILATION_MODE = wholemodule;
				VALIDATE_PRODUCT = YES;
			};
			name = Release;
		};
		30A100372B90D41600F0EC51 /* Debug */ = {
			isa = XCBuildConfiguration;
			buildSettings = {
				ASSETCATALOG_COMPILER_APPICON_NAME = AppIcon;
				ASSETCATALOG_COMPILER_GLOBAL_ACCENT_COLOR_NAME = AccentColor;
				CLANG_ENABLE_MODULES = YES;
				CODE_SIGN_STYLE = Automatic;
				CURRENT_PROJECT_VERSION = 1;
				DEVELOPMENT_TEAM = 4CA6D5PFBX;
				GENERATE_INFOPLIST_FILE = YES;
				INFOPLIST_FILE = ContactsApp/Info.plist;
				INFOPLIST_KEY_UIApplicationSupportsIndirectInputEvents = YES;
				INFOPLIST_KEY_UILaunchStoryboardName = LaunchScreen;
				INFOPLIST_KEY_UIMainStoryboardFile = Main;
				INFOPLIST_KEY_UISupportedInterfaceOrientations_iPad = "UIInterfaceOrientationPortrait UIInterfaceOrientationPortraitUpsideDown UIInterfaceOrientationLandscapeLeft UIInterfaceOrientationLandscapeRight";
				INFOPLIST_KEY_UISupportedInterfaceOrientations_iPhone = "UIInterfaceOrientationPortrait UIInterfaceOrientationLandscapeLeft UIInterfaceOrientationLandscapeRight";
				LD_RUNPATH_SEARCH_PATHS = (
					"$(inherited)",
					"@executable_path/Frameworks",
				);
				MARKETING_VERSION = 1.0;
				PRODUCT_BUNDLE_IDENTIFIER = com.burakaydin.ContactsApp;
				PRODUCT_NAME = "$(TARGET_NAME)";
				SWIFT_EMIT_LOC_STRINGS = YES;
				SWIFT_OBJC_BRIDGING_HEADER = "ContactsApp/ContactsApp-Bridging-Header.h";
				SWIFT_OPTIMIZATION_LEVEL = "-Onone";
				SWIFT_VERSION = 5.0;
				TARGETED_DEVICE_FAMILY = "1,2";
			};
			name = Debug;
		};
		30A100382B90D41600F0EC51 /* Release */ = {
			isa = XCBuildConfiguration;
			buildSettings = {
				ASSETCATALOG_COMPILER_APPICON_NAME = AppIcon;
				ASSETCATALOG_COMPILER_GLOBAL_ACCENT_COLOR_NAME = AccentColor;
				CLANG_ENABLE_MODULES = YES;
				CODE_SIGN_STYLE = Automatic;
				CURRENT_PROJECT_VERSION = 1;
				DEVELOPMENT_TEAM = 4CA6D5PFBX;
				GENERATE_INFOPLIST_FILE = YES;
				INFOPLIST_FILE = ContactsApp/Info.plist;
				INFOPLIST_KEY_UIApplicationSupportsIndirectInputEvents = YES;
				INFOPLIST_KEY_UILaunchStoryboardName = LaunchScreen;
				INFOPLIST_KEY_UIMainStoryboardFile = Main;
				INFOPLIST_KEY_UISupportedInterfaceOrientations_iPad = "UIInterfaceOrientationPortrait UIInterfaceOrientationPortraitUpsideDown UIInterfaceOrientationLandscapeLeft UIInterfaceOrientationLandscapeRight";
				INFOPLIST_KEY_UISupportedInterfaceOrientations_iPhone = "UIInterfaceOrientationPortrait UIInterfaceOrientationLandscapeLeft UIInterfaceOrientationLandscapeRight";
				LD_RUNPATH_SEARCH_PATHS = (
					"$(inherited)",
					"@executable_path/Frameworks",
				);
				MARKETING_VERSION = 1.0;
				PRODUCT_BUNDLE_IDENTIFIER = com.burakaydin.ContactsApp;
				PRODUCT_NAME = "$(TARGET_NAME)";
				SWIFT_EMIT_LOC_STRINGS = YES;
				SWIFT_OBJC_BRIDGING_HEADER = "ContactsApp/ContactsApp-Bridging-Header.h";
				SWIFT_VERSION = 5.0;
				TARGETED_DEVICE_FAMILY = "1,2";
			};
			name = Release;
		};
/* End XCBuildConfiguration section */

/* Begin XCConfigurationList section */
		30A1001D2B90D41500F0EC51 /* Build configuration list for PBXProject "ContactsApp" */ = {
			isa = XCConfigurationList;
			buildConfigurations = (
				30A100342B90D41600F0EC51 /* Debug */,
				30A100352B90D41600F0EC51 /* Release */,
			);
			defaultConfigurationIsVisible = 0;
			defaultConfigurationName = Release;
		};
		30A100362B90D41600F0EC51 /* Build configuration list for PBXNativeTarget "ContactsApp" */ = {
			isa = XCConfigurationList;
			buildConfigurations = (
				30A100372B90D41600F0EC51 /* Debug */,
				30A100382B90D41600F0EC51 /* Release */,
			);
			defaultConfigurationIsVisible = 0;
			defaultConfigurationName = Release;
		};
/* End XCConfigurationList section */

/* Begin XCRemoteSwiftPackageReference section */
		30EED97A2B9DDBDE00BE92E7 /* XCRemoteSwiftPackageReference "RxSwift" */ = {
			isa = XCRemoteSwiftPackageReference;
			repositoryURL = "https://github.com/ReactiveX/RxSwift.git";
			requirement = {
				kind = upToNextMajorVersion;
				minimumVersion = 6.6.0;
			};
		};
/* End XCRemoteSwiftPackageReference section */

/* Begin XCSwiftPackageProductDependency section */
		30090FEC2B9DE5510021A437 /* RxSwift */ = {
			isa = XCSwiftPackageProductDependency;
			package = 30EED97A2B9DDBDE00BE92E7 /* XCRemoteSwiftPackageReference "RxSwift" */;
			productName = RxSwift;
		};
		30090FF42B9DE8640021A437 /* RxSwift */ = {
			isa = XCSwiftPackageProductDependency;
			package = 30EED97A2B9DDBDE00BE92E7 /* XCRemoteSwiftPackageReference "RxSwift" */;
			productName = RxSwift;
		};
		30EED9872B9DDBDE00BE92E7 /* RxSwift */ = {
			isa = XCSwiftPackageProductDependency;
			package = 30EED97A2B9DDBDE00BE92E7 /* XCRemoteSwiftPackageReference "RxSwift" */;
			productName = RxSwift;
		};
/* End XCSwiftPackageProductDependency section */
	};
	rootObject = 30A1001A2B90D41500F0EC51 /* Project object */;
}
